// !$*UTF8*$!
{
	archiveVersion = 1;
	classes = {
	};
	objectVersion = 46;
	objects = {

/* Begin PBXBuildFile section */
		3FFF9EAA1DFB20400058B7F1 /* AppDelegate.swift in Sources */ = {isa = PBXBuildFile; fileRef = 3FFF9EA91DFB20400058B7F1 /* AppDelegate.swift */; };
		3FFF9EAC1DFB20400058B7F1 /* ViewController.swift in Sources */ = {isa = PBXBuildFile; fileRef = 3FFF9EAB1DFB20400058B7F1 /* ViewController.swift */; };
		3FFF9EAF1DFB20400058B7F1 /* Main.storyboard in Resources */ = {isa = PBXBuildFile; fileRef = 3FFF9EAD1DFB20400058B7F1 /* Main.storyboard */; };
		3FFF9EB11DFB20400058B7F1 /* Assets.xcassets in Resources */ = {isa = PBXBuildFile; fileRef = 3FFF9EB01DFB20400058B7F1 /* Assets.xcassets */; };
		3FFF9EB41DFB20400058B7F1 /* LaunchScreen.storyboard in Resources */ = {isa = PBXBuildFile; fileRef = 3FFF9EB21DFB20400058B7F1 /* LaunchScreen.storyboard */; };
		3FFF9EBF1DFB20400058B7F1 /* Countdown_AppTests.swift in Sources */ = {isa = PBXBuildFile; fileRef = 3FFF9EBE1DFB20400058B7F1 /* Countdown_AppTests.swift */; };
		3FFF9ECA1DFB20400058B7F1 /* Countdown_AppUITests.swift in Sources */ = {isa = PBXBuildFile; fileRef = 3FFF9EC91DFB20400058B7F1 /* Countdown_AppUITests.swift */; };
/* End PBXBuildFile section */

/* Begin PBXContainerItemProxy section */
		3FFF9EBB1DFB20400058B7F1 /* PBXContainerItemProxy */ = {
			isa = PBXContainerItemProxy;
			containerPortal = 3FFF9E9E1DFB20400058B7F1 /* Project object */;
			proxyType = 1;
			remoteGlobalIDString = 3FFF9EA51DFB20400058B7F1;
			remoteInfo = "Countdown App";
		};
		3FFF9EC61DFB20400058B7F1 /* PBXContainerItemProxy */ = {
			isa = PBXContainerItemProxy;
			containerPortal = 3FFF9E9E1DFB20400058B7F1 /* Project object */;
			proxyType = 1;
			remoteGlobalIDString = 3FFF9EA51DFB20400058B7F1;
			remoteInfo = "Countdown App";
		};
/* End PBXContainerItemProxy section */

/* Begin PBXFileReference section */
		3FFF9EA61DFB20400058B7F1 /* Countdown App.app */ = {isa = PBXFileReference; explicitFileType = wrapper.application; includeInIndex = 0; path = "Countdown App.app"; sourceTree = BUILT_PRODUCTS_DIR; };
		3FFF9EA91DFB20400058B7F1 /* AppDelegate.swift */ = {isa = PBXFileReference; lastKnownFileType = sourcecode.swift; path = AppDelegate.swift; sourceTree = "<group>"; };
		3FFF9EAB1DFB20400058B7F1 /* ViewController.swift */ = {isa = PBXFileReference; lastKnownFileType = sourcecode.swift; path = ViewController.swift; sourceTree = "<group>"; };
		3FFF9EAE1DFB20400058B7F1 /* Base */ = {isa = PBXFileReference; lastKnownFileType = file.storyboard; name = Base; path = Base.lproj/Main.storyboard; sourceTree = "<group>"; };
		3FFF9EB01DFB20400058B7F1 /* Assets.xcassets */ = {isa = PBXFileReference; lastKnownFileType = folder.assetcatalog; path = Assets.xcassets; sourceTree = "<group>"; };
		3FFF9EB31DFB20400058B7F1 /* Base */ = {isa = PBXFileReference; lastKnownFileType = file.storyboard; name = Base; path = Base.lproj/LaunchScreen.storyboard; sourceTree = "<group>"; };
		3FFF9EB51DFB20400058B7F1 /* Info.plist */ = {isa = PBXFileReference; lastKnownFileType = text.plist.xml; path = Info.plist; sourceTree = "<group>"; };
		3FFF9EBA1DFB20400058B7F1 /* Countdown AppTests.xctest */ = {isa = PBXFileReference; explicitFileType = wrapper.cfbundle; includeInIndex = 0; path = "Countdown AppTests.xctest"; sourceTree = BUILT_PRODUCTS_DIR; };
		3FFF9EBE1DFB20400058B7F1 /* Countdown_AppTests.swift */ = {isa = PBXFileReference; lastKnownFileType = sourcecode.swift; path = Countdown_AppTests.swift; sourceTree = "<group>"; };
		3FFF9EC01DFB20400058B7F1 /* Info.plist */ = {isa = PBXFileReference; lastKnownFileType = text.plist.xml; path = Info.plist; sourceTree = "<group>"; };
		3FFF9EC51DFB20400058B7F1 /* Countdown AppUITests.xctest */ = {isa = PBXFileReference; explicitFileType = wrapper.cfbundle; includeInIndex = 0; path = "Countdown AppUITests.xctest"; sourceTree = BUILT_PRODUCTS_DIR; };
		3FFF9EC91DFB20400058B7F1 /* Countdown_AppUITests.swift */ = {isa = PBXFileReference; lastKnownFileType = sourcecode.swift; path = Countdown_AppUITests.swift; sourceTree = "<group>"; };
		3FFF9ECB1DFB20400058B7F1 /* Info.plist */ = {isa = PBXFileReference; lastKnownFileType = text.plist.xml; path = Info.plist; sourceTree = "<group>"; };
/* End PBXFileReference section */

/* Begin PBXFrameworksBuildPhase section */
		3FFF9EA31DFB20400058B7F1 /* Frameworks */ = {
			isa = PBXFrameworksBuildPhase;
			buildActionMask = 2147483647;
			files = (
			);
			runOnlyForDeploymentPostprocessing = 0;
		};
		3FFF9EB71DFB20400058B7F1 /* Frameworks */ = {
			isa = PBXFrameworksBuildPhase;
			buildActionMask = 2147483647;
			files = (
			);
			runOnlyForDeploymentPostprocessing = 0;
		};
		3FFF9EC21DFB20400058B7F1 /* Frameworks */ = {
			isa = PBXFrameworksBuildPhase;
			buildActionMask = 2147483647;
			files = (
			);
			runOnlyForDeploymentPostprocessing = 0;
		};
/* End PBXFrameworksBuildPhase section */

/* Begin PBXGroup section */
		3FFF9E9D1DFB20400058B7F1 = {
			isa = PBXGroup;
			children = (
				3FFF9EA81DFB20400058B7F1 /* Countdown App */,
				3FFF9EBD1DFB20400058B7F1 /* Countdown AppTests */,
				3FFF9EC81DFB20400058B7F1 /* Countdown AppUITests */,
				3FFF9EA71DFB20400058B7F1 /* Products */,
			);
			sourceTree = "<group>";
		};
		3FFF9EA71DFB20400058B7F1 /* Products */ = {
			isa = PBXGroup;
			children = (
				3FFF9EA61DFB20400058B7F1 /* Countdown App.app */,
				3FFF9EBA1DFB20400058B7F1 /* Countdown AppTests.xctest */,
				3FFF9EC51DFB20400058B7F1 /* Countdown AppUITests.xctest */,
			);
			name = Products;
			sourceTree = "<group>";
		};
		3FFF9EA81DFB20400058B7F1 /* Countdown App */ = {
			isa = PBXGroup;
			children = (
				3FFF9EA91DFB20400058B7F1 /* AppDelegate.swift */,
				3FFF9EAB1DFB20400058B7F1 /* ViewController.swift */,
				3FFF9EAD1DFB20400058B7F1 /* Main.storyboard */,
				3FFF9EB01DFB20400058B7F1 /* Assets.xcassets */,
				3FFF9EB21DFB20400058B7F1 /* LaunchScreen.storyboard */,
				3FFF9EB51DFB20400058B7F1 /* Info.plist */,
			);
			path = "Countdown App";
			sourceTree = "<group>";
		};
		3FFF9EBD1DFB20400058B7F1 /* Countdown AppTests */ = {
			isa = PBXGroup;
			children = (
				3FFF9EBE1DFB20400058B7F1 /* Countdown_AppTests.swift */,
				3FFF9EC01DFB20400058B7F1 /* Info.plist */,
			);
			path = "Countdown AppTests";
			sourceTree = "<group>";
		};
		3FFF9EC81DFB20400058B7F1 /* Countdown AppUITests */ = {
			isa = PBXGroup;
			children = (
				3FFF9EC91DFB20400058B7F1 /* Countdown_AppUITests.swift */,
				3FFF9ECB1DFB20400058B7F1 /* Info.plist */,
			);
			path = "Countdown AppUITests";
			sourceTree = "<group>";
		};
/* End PBXGroup section */

/* Begin PBXNativeTarget section */
		3FFF9EA51DFB20400058B7F1 /* Countdown App */ = {
			isa = PBXNativeTarget;
			buildConfigurationList = 3FFF9ECE1DFB20400058B7F1 /* Build configuration list for PBXNativeTarget "Countdown App" */;
			buildPhases = (
				3FFF9EA21DFB20400058B7F1 /* Sources */,
				3FFF9EA31DFB20400058B7F1 /* Frameworks */,
				3FFF9EA41DFB20400058B7F1 /* Resources */,
			);
			buildRules = (
			);
			dependencies = (
			);
			name = "Countdown App";
			productName = "Countdown App";
			productReference = 3FFF9EA61DFB20400058B7F1 /* Countdown App.app */;
			productType = "com.apple.product-type.application";
		};
		3FFF9EB91DFB20400058B7F1 /* Countdown AppTests */ = {
			isa = PBXNativeTarget;
			buildConfigurationList = 3FFF9ED11DFB20400058B7F1 /* Build configuration list for PBXNativeTarget "Countdown AppTests" */;
			buildPhases = (
				3FFF9EB61DFB20400058B7F1 /* Sources */,
				3FFF9EB71DFB20400058B7F1 /* Frameworks */,
				3FFF9EB81DFB20400058B7F1 /* Resources */,
			);
			buildRules = (
			);
			dependencies = (
				3FFF9EBC1DFB20400058B7F1 /* PBXTargetDependency */,
			);
			name = "Countdown AppTests";
			productName = "Countdown AppTests";
			productReference = 3FFF9EBA1DFB20400058B7F1 /* Countdown AppTests.xctest */;
			productType = "com.apple.product-type.bundle.unit-test";
		};
		3FFF9EC41DFB20400058B7F1 /* Countdown AppUITests */ = {
			isa = PBXNativeTarget;
			buildConfigurationList = 3FFF9ED41DFB20400058B7F1 /* Build configuration list for PBXNativeTarget "Countdown AppUITests" */;
			buildPhases = (
				3FFF9EC11DFB20400058B7F1 /* Sources */,
				3FFF9EC21DFB20400058B7F1 /* Frameworks */,
				3FFF9EC31DFB20400058B7F1 /* Resources */,
			);
			buildRules = (
			);
			dependencies = (
				3FFF9EC71DFB20400058B7F1 /* PBXTargetDependency */,
			);
			name = "Countdown AppUITests";
			productName = "Countdown AppUITests";
			productReference = 3FFF9EC51DFB20400058B7F1 /* Countdown AppUITests.xctest */;
			productType = "com.apple.product-type.bundle.ui-testing";
		};
/* End PBXNativeTarget section */

/* Begin PBXProject section */
		3FFF9E9E1DFB20400058B7F1 /* Project object */ = {
			isa = PBXProject;
			attributes = {
				LastSwiftUpdateCheck = 0810;
				LastUpgradeCheck = 0810;
				ORGANIZATIONNAME = "Lesslie Garcia";
				TargetAttributes = {
					3FFF9EA51DFB20400058B7F1 = {
						CreatedOnToolsVersion = 8.1;
						ProvisioningStyle = Automatic;
					};
					3FFF9EB91DFB20400058B7F1 = {
						CreatedOnToolsVersion = 8.1;
						ProvisioningStyle = Automatic;
						TestTargetID = 3FFF9EA51DFB20400058B7F1;
					};
					3FFF9EC41DFB20400058B7F1 = {
						CreatedOnToolsVersion = 8.1;
						ProvisioningStyle = Automatic;
						TestTargetID = 3FFF9EA51DFB20400058B7F1;
					};
				};
			};
			buildConfigurationList = 3FFF9EA11DFB20400058B7F1 /* Build configuration list for PBXProject "Countdown App" */;
			compatibilityVersion = "Xcode 3.2";
			developmentRegion = English;
			hasScannedForEncodings = 0;
			knownRegions = (
				en,
				Base,
			);
			mainGroup = 3FFF9E9D1DFB20400058B7F1;
			productRefGroup = 3FFF9EA71DFB20400058B7F1 /* Products */;
			projectDirPath = "";
			projectRoot = "";
			targets = (
				3FFF9EA51DFB20400058B7F1 /* Countdown App */,
				3FFF9EB91DFB20400058B7F1 /* Countdown AppTests */,
				3FFF9EC41DFB20400058B7F1 /* Countdown AppUITests */,
			);
		};
/* End PBXProject section */

/* Begin PBXResourcesBuildPhase section */
		3FFF9EA41DFB20400058B7F1 /* Resources */ = {
			isa = PBXResourcesBuildPhase;
			buildActionMask = 2147483647;
			files = (
				3FFF9EB41DFB20400058B7F1 /* LaunchScreen.storyboard in Resources */,
				3FFF9EB11DFB20400058B7F1 /* Assets.xcassets in Resources */,
				3FFF9EAF1DFB20400058B7F1 /* Main.storyboard in Resources */,
			);
			runOnlyForDeploymentPostprocessing = 0;
		};
		3FFF9EB81DFB20400058B7F1 /* Resources */ = {
			isa = PBXResourcesBuildPhase;
			buildActionMask = 2147483647;
			files = (
			);
			runOnlyForDeploymentPostprocessing = 0;
		};
		3FFF9EC31DFB20400058B7F1 /* Resources */ = {
			isa = PBXResourcesBuildPhase;
			buildActionMask = 2147483647;
			files = (
			);
			runOnlyForDeploymentPostprocessing = 0;
		};
/* End PBXResourcesBuildPhase section */

/* Begin PBXSourcesBuildPhase section */
		3FFF9EA21DFB20400058B7F1 /* Sources */ = {
			isa = PBXSourcesBuildPhase;
			buildActionMask = 2147483647;
			files = (
				3FFF9EAC1DFB20400058B7F1 /* ViewController.swift in Sources */,
				3FFF9EAA1DFB20400058B7F1 /* AppDelegate.swift in Sources */,
			);
			runOnlyForDeploymentPostprocessing = 0;
		};
		3FFF9EB61DFB20400058B7F1 /* Sources */ = {
			isa = PBXSourcesBuildPhase;
			buildActionMask = 2147483647;
			files = (
				3FFF9EBF1DFB20400058B7F1 /* Countdown_AppTests.swift in Sources */,
			);
			runOnlyForDeploymentPostprocessing = 0;
		};
		3FFF9EC11DFB20400058B7F1 /* Sources */ = {
			isa = PBXSourcesBuildPhase;
			buildActionMask = 2147483647;
			files = (
				3FFF9ECA1DFB20400058B7F1 /* Countdown_AppUITests.swift in Sources */,
			);
			runOnlyForDeploymentPostprocessing = 0;
		};
/* End PBXSourcesBuildPhase section */

/* Begin PBXTargetDependency section */
		3FFF9EBC1DFB20400058B7F1 /* PBXTargetDependency */ = {
			isa = PBXTargetDependency;
			target = 3FFF9EA51DFB20400058B7F1 /* Countdown App */;
			targetProxy = 3FFF9EBB1DFB20400058B7F1 /* PBXContainerItemProxy */;
		};
		3FFF9EC71DFB20400058B7F1 /* PBXTargetDependency */ = {
			isa = PBXTargetDependency;
			target = 3FFF9EA51DFB20400058B7F1 /* Countdown App */;
			targetProxy = 3FFF9EC61DFB20400058B7F1 /* PBXContainerItemProxy */;
		};
/* End PBXTargetDependency section */

/* Begin PBXVariantGroup section */
		3FFF9EAD1DFB20400058B7F1 /* Main.storyboard */ = {
			isa = PBXVariantGroup;
			children = (
				3FFF9EAE1DFB20400058B7F1 /* Base */,
			);
			name = Main.storyboard;
			sourceTree = "<group>";
		};
		3FFF9EB21DFB20400058B7F1 /* LaunchScreen.storyboard */ = {
			isa = PBXVariantGroup;
			children = (
				3FFF9EB31DFB20400058B7F1 /* Base */,
			);
			name = LaunchScreen.storyboard;
			sourceTree = "<group>";
		};
/* End PBXVariantGroup section */

/* Begin XCBuildConfiguration section */
		3FFF9ECC1DFB20400058B7F1 /* Debug */ = {
			isa = XCBuildConfiguration;
			buildSettings = {
				ALWAYS_SEARCH_USER_PATHS = NO;
				CLANG_ANALYZER_NONNULL = YES;
				CLANG_CXX_LANGUAGE_STANDARD = "gnu++0x";
				CLANG_CXX_LIBRARY = "libc++";
				CLANG_ENABLE_MODULES = YES;
				CLANG_ENABLE_OBJC_ARC = YES;
				CLANG_WARN_BOOL_CONVERSION = YES;
				CLANG_WARN_CONSTANT_CONVERSION = YES;
				CLANG_WARN_DIRECT_OBJC_ISA_USAGE = YES_ERROR;
				CLANG_WARN_DOCUMENTATION_COMMENTS = YES;
				CLANG_WARN_EMPTY_BODY = YES;
				CLANG_WARN_ENUM_CONVERSION = YES;
				CLANG_WARN_INFINITE_RECURSION = YES;
				CLANG_WARN_INT_CONVERSION = YES;
				CLANG_WARN_OBJC_ROOT_CLASS = YES_ERROR;
				CLANG_WARN_SUSPICIOUS_MOVES = YES;
				CLANG_WARN_UNREACHABLE_CODE = YES;
				CLANG_WARN__DUPLICATE_METHOD_MATCH = YES;
				"CODE_SIGN_IDENTITY[sdk=iphoneos*]" = "iPhone Developer";
				COPY_PHASE_STRIP = NO;
				DEBUG_INFORMATION_FORMAT = dwarf;
				ENABLE_STRICT_OBJC_MSGSEND = YES;
				ENABLE_TESTABILITY = YES;
				GCC_C_LANGUAGE_STANDARD = gnu99;
				GCC_DYNAMIC_NO_PIC = NO;
				GCC_NO_COMMON_BLOCKS = YES;
				GCC_OPTIMIZATION_LEVEL = 0;
				GCC_PREPROCESSOR_DEFINITIONS = (
					"DEBUG=1",
					"$(inherited)",
				);
				GCC_WARN_64_TO_32_BIT_CONVERSION = YES;
				GCC_WARN_ABOUT_RETURN_TYPE = YES_ERROR;
				GCC_WARN_UNDECLARED_SELECTOR = YES;
				GCC_WARN_UNINITIALIZED_AUTOS = YES_AGGRESSIVE;
				GCC_WARN_UNUSED_FUNCTION = YES;
				GCC_WARN_UNUSED_VARIABLE = YES;
				IPHONEOS_DEPLOYMENT_TARGET = 10.1;
				MTL_ENABLE_DEBUG_INFO = YES;
				ONLY_ACTIVE_ARCH = YES;
				SDKROOT = iphoneos;
				SWIFT_ACTIVE_COMPILATION_CONDITIONS = DEBUG;
				SWIFT_OPTIMIZATION_LEVEL = "-Onone";
				TARGETED_DEVICE_FAMILY = "1,2";
			};
			name = Debug;
		};
		3FFF9ECD1DFB20400058B7F1 /* Release */ = {
			isa = XCBuildConfiguration;
			buildSettings = {
				ALWAYS_SEARCH_USER_PATHS = NO;
				CLANG_ANALYZER_NONNULL = YES;
				CLANG_CXX_LANGUAGE_STANDARD = "gnu++0x";
				CLANG_CXX_LIBRARY = "libc++";
				CLANG_ENABLE_MODULES = YES;
				CLANG_ENABLE_OBJC_ARC = YES;
				CLANG_WARN_BOOL_CONVERSION = YES;
				CLANG_WARN_CONSTANT_CONVERSION = YES;
				CLANG_WARN_DIRECT_OBJC_ISA_USAGE = YES_ERROR;
				CLANG_WARN_DOCUMENTATION_COMMENTS = YES;
				CLANG_WARN_EMPTY_BODY = YES;
				CLANG_WARN_ENUM_CONVERSION = YES;
				CLANG_WARN_INFINITE_RECURSION = YES;
				CLANG_WARN_INT_CONVERSION = YES;
				CLANG_WARN_OBJC_ROOT_CLASS = YES_ERROR;
				CLANG_WARN_SUSPICIOUS_MOVES = YES;
				CLANG_WARN_UNREACHABLE_CODE = YES;
				CLANG_WARN__DUPLICATE_METHOD_MATCH = YES;
				"CODE_SIGN_IDENTITY[sdk=iphoneos*]" = "iPhone Developer";
				COPY_PHASE_STRIP = NO;
				DEBUG_INFORMATION_FORMAT = "dwarf-with-dsym";
				ENABLE_NS_ASSERTIONS = NO;
				ENABLE_STRICT_OBJC_MSGSEND = YES;
				GCC_C_LANGUAGE_STANDARD = gnu99;
				GCC_NO_COMMON_BLOCKS = YES;
				GCC_WARN_64_TO_32_BIT_CONVERSION = YES;
				GCC_WARN_ABOUT_RETURN_TYPE = YES_ERROR;
				GCC_WARN_UNDECLARED_SELECTOR = YES;
				GCC_WARN_UNINITIALIZED_AUTOS = YES_AGGRESSIVE;
				GCC_WARN_UNUSED_FUNCTION = YES;
				GCC_WARN_UNUSED_VARIABLE = YES;
				IPHONEOS_DEPLOYMENT_TARGET = 10.1;
				MTL_ENABLE_DEBUG_INFO = NO;
				SDKROOT = iphoneos;
				SWIFT_OPTIMIZATION_LEVEL = "-Owholemodule";
				TARGETED_DEVICE_FAMILY = "1,2";
				VALIDATE_PRODUCT = YES;
			};
			name = Release;
		};
		3FFF9ECF1DFB20400058B7F1 /* Debug */ = {
			isa = XCBuildConfiguration;
			buildSettings = {
				ASSETCATALOG_COMPILER_APPICON_NAME = AppIcon;
				INFOPLIST_FILE = "Countdown App/Info.plist";
				LD_RUNPATH_SEARCH_PATHS = "$(inherited) @executable_path/Frameworks";
				PRODUCT_BUNDLE_IDENTIFIER = "LesslieIsAmazing.Countdown-App";
				PRODUCT_NAME = "$(TARGET_NAME)";
				SWIFT_VERSION = 3.0;
			};
			name = Debug;
		};
		3FFF9ED01DFB20400058B7F1 /* Release */ = {
			isa = XCBuildConfiguration;
			buildSettings = {
				ASSETCATALOG_COMPILER_APPICON_NAME = AppIcon;
				INFOPLIST_FILE = "Countdown App/Info.plist";
				LD_RUNPATH_SEARCH_PATHS = "$(inherited) @executable_path/Frameworks";
				PRODUCT_BUNDLE_IDENTIFIER = "LesslieIsAmazing.Countdown-App";
				PRODUCT_NAME = "$(TARGET_NAME)";
				SWIFT_VERSION = 3.0;
			};
			name = Release;
		};
		3FFF9ED21DFB20400058B7F1 /* Debug */ = {
			isa = XCBuildConfiguration;
			buildSettings = {
				ALWAYS_EMBED_SWIFT_STANDARD_LIBRARIES = YES;
				BUNDLE_LOADER = "$(TEST_HOST)";
				INFOPLIST_FILE = "Countdown AppTests/Info.plist";
				LD_RUNPATH_SEARCH_PATHS = "$(inherited) @executable_path/Frameworks @loader_path/Frameworks";
				PRODUCT_BUNDLE_IDENTIFIER = "LesslieIsAmazing.Countdown-AppTests";
				PRODUCT_NAME = "$(TARGET_NAME)";
				SWIFT_VERSION = 3.0;
				TEST_HOST = "$(BUILT_PRODUCTS_DIR)/Countdown App.app/Countdown App";
			};
			name = Debug;
		};
		3FFF9ED31DFB20400058B7F1 /* Release */ = {
			isa = XCBuildConfiguration;
			buildSettings = {
				ALWAYS_EMBED_SWIFT_STANDARD_LIBRARIES = YES;
				BUNDLE_LOADER = "$(TEST_HOST)";
				INFOPLIST_FILE = "Countdown AppTests/Info.plist";
				LD_RUNPATH_SEARCH_PATHS = "$(inherited) @executable_path/Frameworks @loader_path/Frameworks";
				PRODUCT_BUNDLE_IDENTIFIER = "LesslieIsAmazing.Countdown-AppTests";
				PRODUCT_NAME = "$(TARGET_NAME)";
				SWIFT_VERSION = 3.0;
				TEST_HOST = "$(BUILT_PRODUCTS_DIR)/Countdown App.app/Countdown App";
			};
			name = Release;
		};
		3FFF9ED51DFB20400058B7F1 /* Debug */ = {
			isa = XCBuildConfiguration;
			buildSettings = {
				ALWAYS_EMBED_SWIFT_STANDARD_LIBRARIES = YES;
				INFOPLIST_FILE = "Countdown AppUITests/Info.plist";
				LD_RUNPATH_SEARCH_PATHS = "$(inherited) @executable_path/Frameworks @loader_path/Frameworks";
				PRODUCT_BUNDLE_IDENTIFIER = "LesslieIsAmazing.Countdown-AppUITests";
				PRODUCT_NAME = "$(TARGET_NAME)";
				SWIFT_VERSION = 3.0;
				TEST_TARGET_NAME = "Countdown App";
			};
			name = Debug;
		};
		3FFF9ED61DFB20400058B7F1 /* Release */ = {
			isa = XCBuildConfiguration;
			buildSettings = {
				ALWAYS_EMBED_SWIFT_STANDARD_LIBRARIES = YES;
				INFOPLIST_FILE = "Countdown AppUITests/Info.plist";
				LD_RUNPATH_SEARCH_PATHS = "$(inherited) @executable_path/Frameworks @loader_path/Frameworks";
				PRODUCT_BUNDLE_IDENTIFIER = "LesslieIsAmazing.Countdown-AppUITests";
				PRODUCT_NAME = "$(TARGET_NAME)";
				SWIFT_VERSION = 3.0;
				TEST_TARGET_NAME = "Countdown App";
			};
			name = Release;
		};
/* End XCBuildConfiguration section */

/* Begin XCConfigurationList section */
		3FFF9EA11DFB20400058B7F1 /* Build configuration list for PBXProject "Countdown App" */ = {
			isa = XCConfigurationList;
			buildConfigurations = (
				3FFF9ECC1DFB20400058B7F1 /* Debug */,
				3FFF9ECD1DFB20400058B7F1 /* Release */,
			);
			defaultConfigurationIsVisible = 0;
			defaultConfigurationName = Release;
		};
		3FFF9ECE1DFB20400058B7F1 /* Build configuration list for PBXNativeTarget "Countdown App" */ = {
			isa = XCConfigurationList;
			buildConfigurations = (
				3FFF9ECF1DFB20400058B7F1 /* Debug */,
				3FFF9ED01DFB20400058B7F1 /* Release */,
			);
			defaultConfigurationIsVisible = 0;
		};
		3FFF9ED11DFB20400058B7F1 /* Build configuration list for PBXNativeTarget "Countdown AppTests" */ = {
			isa = XCConfigurationList;
			buildConfigurations = (
				3FFF9ED21DFB20400058B7F1 /* Debug */,
				3FFF9ED31DFB20400058B7F1 /* Release */,
			);
			defaultConfigurationIsVisible = 0;
		};
		3FFF9ED41DFB20400058B7F1 /* Build configuration list for PBXNativeTarget "Countdown AppUITests" */ = {
			isa = XCConfigurationList;
			buildConfigurations = (
				3FFF9ED51DFB20400058B7F1 /* Debug */,
				3FFF9ED61DFB20400058B7F1 /* Release */,
			);
			defaultConfigurationIsVisible = 0;
		};
/* End XCConfigurationList section */
	};
	rootObject = 3FFF9E9E1DFB20400058B7F1 /* Project object */;
}
